# THIS IS AN AUTOGENERATED FILE. DO NOT EDIT THIS FILE DIRECTLY.
# yarn lockfile v1


"@types/fs-extra@^7.0.0":
  version "7.0.0"
  resolved "https://registry.yarnpkg.com/@types/fs-extra/-/fs-extra-7.0.0.tgz#9c4ad9e1339e7448a76698829def1f159c1b636c"
  integrity sha512-ndoMMbGyuToTy4qB6Lex/inR98nPiNHacsgMPvy+zqMLgSxbt8VtWpDArpGp69h1fEDQHn1KB+9DWD++wgbwYA==
  dependencies:
    "@types/node" "*"

"@types/graphql@^14.2.0":
  version "14.2.0"
  resolved "https://registry.yarnpkg.com/@types/graphql/-/graphql-14.2.0.tgz#74e1da5f2a4a744ac6eb3ed57b48242ea9367202"
  integrity sha512-lELg5m6eBOmATWyCZl8qULEOvnPIUG6B443yXKj930glXIgwQirIBPp5rthP2amJW0YSzUg2s5sfgba4mRRCNw==

"@types/node@*":
  version "12.0.5"
  resolved "https://registry.yarnpkg.com/@types/node/-/node-12.0.5.tgz#ac14404c33d1a789973c45379a67f7f7e58a01b9"
  integrity sha512-CFLSALoE+93+Hcb5pFjp0J1uMrrbLRe+L1+gFwerJ776R3TACSF0kTVRQ7AvRa7aFx70nqYHAc7wQPlt9kY2Mg==

arg@^4.1.0:
  version "4.1.0"
  resolved "https://registry.yarnpkg.com/arg/-/arg-4.1.0.tgz#583c518199419e0037abb74062c37f8519e575f0"
  integrity sha512-ZWc51jO3qegGkVh8Hwpv636EkbesNV5ZNQPCtRa+0qytRYPEs9IYT9qITY9buezqUH5uqyzlWLcufrzU2rffdg==

argparse@^1.0.7:
  version "1.0.10"
  resolved "https://registry.yarnpkg.com/argparse/-/argparse-1.0.10.tgz#bcd6791ea5ae09725e17e5ad988134cd40b3d911"
  integrity sha512-o5Roy6tNG4SL/FOkCAN6RzjiakZS25RLYFrcMttJqbdd8BWrnA+fGz57iN5Pb06pvBGvl5gQ0B48dJlslXvoTg==
  dependencies:
    sprintf-js "~1.0.2"

buffer-from@^1.0.0:
  version "1.1.1"
  resolved "https://registry.yarnpkg.com/buffer-from/-/buffer-from-1.1.1.tgz#32713bc028f75c02fdb710d7c7bcec1f2c6070ef"
  integrity sha512-MQcXEUbCKtEo7bhqEs6560Hyd4XaovZlO/k9V3hjVUF/zwW7KBVdSK4gIt/bzwS9MbR5qob+F5jusZsb0YQK2A==

commander@^2.20.0:
  version "2.20.0"
  resolved "https://registry.yarnpkg.com/commander/-/commander-2.20.0.tgz#d58bb2b5c1ee8f87b0d340027e9e94e222c5a422"
  integrity sha512-7j2y+40w61zy6YC2iRNpUe/NwhNyoXrYpHMrSunaMG64nRnaf96zO/KMQR4OyN/UnE5KLyEBnKHd4aG3rskjpQ==

diff@^4.0.1:
  version "4.0.1"
  resolved "https://registry.yarnpkg.com/diff/-/diff-4.0.1.tgz#0c667cb467ebbb5cea7f14f135cc2dba7780a8ff"
  integrity sha512-s2+XdvhPCOF01LRQBC8hf4vhbVmI2CGS5aZnxLJlT5FtdhPCDFq80q++zK2KlrVorVDdL5BOGZ/VfLrVtYNF+Q==

esprima@^4.0.0:
  version "4.0.1"
  resolved "https://registry.yarnpkg.com/esprima/-/esprima-4.0.1.tgz#13b04cdb3e6c5d19df91ab6987a8695619b0aa71"
  integrity sha512-eGuFFw7Upda+g4p+QHvnW0RyTX/SVeJBDM/gCtMARO0cLuT2HcEKnTPvhjV6aGeqrCB/sbNop0Kszm0jsaWU4A==

fs-extra@^8.0.1:
  version "8.0.1"
  resolved "https://registry.yarnpkg.com/fs-extra/-/fs-extra-8.0.1.tgz#90294081f978b1f182f347a440a209154344285b"
  integrity sha512-W+XLrggcDzlle47X/XnS7FXrXu9sDo+Ze9zpndeBxdgv88FHLm1HtmkhEwavruS6koanBjp098rUpHs65EmG7A==
  dependencies:
    graceful-fs "^4.1.2"
    jsonfile "^4.0.0"
    universalify "^0.1.0"

graceful-fs@^4.1.2, graceful-fs@^4.1.6:
  version "4.1.15"
  resolved "https://registry.yarnpkg.com/graceful-fs/-/graceful-fs-4.1.15.tgz#ffb703e1066e8a0eeaa4c8b80ba9253eeefbfb00"
  integrity sha512-6uHUhOPEBgQ24HM+r6b/QwWfZq+yiFcipKFrOFiBEnWdy5sdzYoi+pJeQaPI5qOLRFqWmAXUPQNsielzdLoecA==

graphql@^14.3.1:
  version "14.3.1"
  resolved "https://registry.yarnpkg.com/graphql/-/graphql-14.3.1.tgz#b3aa50e61a841ada3c1f9ccda101c483f8e8c807"
  integrity sha512-FZm7kAa3FqKdXy8YSSpAoTtyDFMIYSpCDOr+3EqlI1bxmtHu+Vv/I2vrSeT1sBOEnEniX3uo4wFhFdS/8XN6gA==
  dependencies:
    iterall "^1.2.2"

iterall@^1.2.2:
  version "1.2.2"
  resolved "https://registry.yarnpkg.com/iterall/-/iterall-1.2.2.tgz#92d70deb8028e0c39ff3164fdbf4d8b088130cd7"
  integrity sha512-yynBb1g+RFUPY64fTrFv7nsjRrENBQJaX2UL+2Szc9REFrSNm1rpSXHGzhmAy7a9uv3vlvgBlXnf9RqmPH1/DA==

js-yaml@^3.13.1:
  version "3.13.1"
  resolved "https://registry.yarnpkg.com/js-yaml/-/js-yaml-3.13.1.tgz#aff151b30bfdfa8e49e05da22e7415e9dfa37847"
  integrity sha512-YfbcO7jXDdyj0DGxYVSlSeQNHbD7XPWvrVWeVUujrQEoZzWJIRrCPoyk6kL6IAjAG2IolMK4T0hNUe0HOUs5Jw==
  dependencies:
    argparse "^1.0.7"
    esprima "^4.0.0"

jsonfile@^4.0.0:
  version "4.0.0"
  resolved "https://registry.yarnpkg.com/jsonfile/-/jsonfile-4.0.0.tgz#8771aae0799b64076b76640fca058f9c10e33ecb"
  integrity sha1-h3Gq4HmbZAdrdmQPygWPnBDjPss=
  optionalDependencies:
    graceful-fs "^4.1.6"

make-error@^1.1.1:
  version "1.3.5"
  resolved "https://registry.yarnpkg.com/make-error/-/make-error-1.3.5.tgz#efe4e81f6db28cadd605c70f29c831b58ef776c8"
  integrity sha512-c3sIjNUow0+8swNwVpqoH4YCShKNFkMaw6oH1mNS2haDZQqkeZFlHS3dhoeEbKKmJB4vXpJucU6oH75aDYeE9g==

minimist@0.0.8:
  version "0.0.8"
  resolved "https://registry.yarnpkg.com/minimist/-/minimist-0.0.8.tgz#857fcabfc3397d2625b8228262e86aa7a011b05d"
  integrity sha1-hX/Kv8M5fSYluCKCYuhqp6ARsF0=

mkdirp-promise@^5.0.1:
  version "5.0.1"
  resolved "https://registry.yarnpkg.com/mkdirp-promise/-/mkdirp-promise-5.0.1.tgz#e9b8f68e552c68a9c1713b84883f7a1dd039b8a1"
  integrity sha1-6bj2jlUsaKnBcTuEiD96HdA5uKE=
  dependencies:
    mkdirp "*"

mkdirp@*, mkdirp@^0.5.1:
  version "0.5.1"
  resolved "https://registry.yarnpkg.com/mkdirp/-/mkdirp-0.5.1.tgz#30057438eac6cf7f8c4767f38648d6697d75c903"
  integrity sha1-MAV0OOrGz3+MR2fzhkjWaX11yQM=
  dependencies:
    minimist "0.0.8"

source-map-support@^0.5.6:
  version "0.5.12"
  resolved "https://registry.yarnpkg.com/source-map-support/-/source-map-support-0.5.12.tgz#b4f3b10d51857a5af0138d3ce8003b201613d599"
  integrity sha512-4h2Pbvyy15EE02G+JOZpUCmqWJuqrs+sEkzewTm++BPi7Hvn/HwcqLAcNxYAyI0x13CpPPn+kMjl+hplXMHITQ==
  dependencies:
    buffer-from "^1.0.0"
    source-map "^0.6.0"

source-map@^0.6.0:
  version "0.6.1"
  resolved "https://registry.yarnpkg.com/source-map/-/source-map-0.6.1.tgz#74722af32e9614e9c287a8d0bbde48b5e2f1a263"
  integrity sha512-UjgapumWlbMhkBgzT7Ykc5YXUT46F0iKu8SGXq0bcwP5dz/h0Plj6enJqjz1Zbq2l5WaqYnrVbwWOWMyF3F47g==

sprintf-js@~1.0.2:
  version "1.0.3"
  resolved "https://registry.yarnpkg.com/sprintf-js/-/sprintf-js-1.0.3.tgz#04e6926f662895354f3dd015203633b857297e2c"
  integrity sha1-BOaSb2YolTVPPdAVIDYzuFcpfiw=

ts-node@^8.2.0:
  version "8.2.0"
  resolved "https://registry.yarnpkg.com/ts-node/-/ts-node-8.2.0.tgz#4a89754b00560bb24cd54526e1685fa38c45f240"
  integrity sha512-m8XQwUurkbYqXrKqr3WHCW310utRNvV5OnRVeISeea7LoCWVcdfeB/Ntl8JYWFh+WRoUAdBgESrzKochQt7sMw==
  dependencies:
    arg "^4.1.0"
    diff "^4.0.1"
    make-error "^1.1.1"
    source-map-support "^0.5.6"
    yn "^3.0.0"

typescript@^3.5.1:
  version "3.5.1"
  resolved "https://registry.yarnpkg.com/typescript/-/typescript-3.5.1.tgz#ba72a6a600b2158139c5dd8850f700e231464202"
  integrity sha512-64HkdiRv1yYZsSe4xC1WVgamNigVYjlssIoaH2HcZF0+ijsk5YK2g0G34w9wJkze8+5ow4STd22AynfO6ZYYLw==

universalify@^0.1.0:
  version "0.1.2"
  resolved "https://registry.yarnpkg.com/universalify/-/universalify-0.1.2.tgz#b646f69be3942dabcecc9d6639c80dc105efaa66"
  integrity sha512-rBJeI5CXAlmy1pV+617WB9J63U6XcazHHF2f2dbJix4XzpUF0RS3Zbj0FGIOCAva5P/d/GBOYaACQ1w+0azUkg==

yn@^3.0.0:
  version "3.1.0"
  resolved "https://registry.yarnpkg.com/yn/-/yn-3.1.0.tgz#fcbe2db63610361afcc5eb9e0ac91e976d046114"
  integrity sha512-kKfnnYkbTfrAdd0xICNFw7Atm8nKpLcLv9AZGEt+kczL/WQVai4e2V6ZN8U/O+iI6WrNuJjNNOyu4zfhl9D3Hg==
